
Microsoft Visual Studio Solution File, Format Version 12.00
# Visual Studio Version 17
VisualStudioVersion = 17.5.33424.131
MinimumVisualStudioVersion = 10.0.40219.1
Project("{FAE04EC0-301F-11D3-BF4B-00C04F79EFBC}") = "TrickingLibrary.Api", "TrickingLibrary.Api\TrickingLibrary.Api.csproj", "{D4D9D5E3-9674-4827-BAA7-81903AE53775}"
EndProject
Global
	GlobalSection(SolutionConfigurationPlatforms) = preSolution
		Debug|Any CPU = Debug|Any CPU
		Release|Any CPU = Release|Any CPU
	EndGlobalSection
	GlobalSection(ProjectConfigurationPlatforms) = postSolution
		{D4D9D5E3-9674-4827-BAA7-81903AE53775}.Debug|Any CPU.ActiveCfg = Debug|Any CPU
		{D4D9D5E3-9674-4827-BAA7-81903AE53775}.Debug|Any CPU.Build.0 = Debug|Any CPU
		{D4D9D5E3-9674-4827-BAA7-81903AE53775}.Release|Any CPU.ActiveCfg = Release|Any CPU
		{D4D9D5E3-9674-4827-BAA7-81903AE53775}.Release|Any CPU.Build.0 = Release|Any CPU
	EndGlobalSection
	GlobalSection(SolutionProperties) = preSolution
		HideSolutionNode = FALSE
	EndGlobalSection
	GlobalSection(ExtensibilityGlobals) = postSolution
		SolutionGuid = {4C6E50EB-53A1-4271-A07C-D4F5EB9CAE4F}
	EndGlobalSection
EndGlobal
